# THIS IS AN AUTOGENERATED FILE. DO NOT EDIT THIS FILE DIRECTLY.
# yarn lockfile v1


ncp@^2.0.0:
  version "2.0.0"
  resolved "https://registry.yarnpkg.com/ncp/-/ncp-2.0.0.tgz#195a21d6c46e361d2fb1281ba38b91e9df7bdbb3"

"pspdfkit@https://customers.pspdfkit.com/npm/TRIAL-duYL8GAUn39xadW4IIJDAQOWmvpHijx-boKIXDNKQRf9hJZPYYjNfTqmqA0srzIvU3RkuMnLYBiJ17mGADPcNA/latest.tar.gz":
  version "2019.3.1"
  resolved "https://customers.pspdfkit.com/npm/TRIAL-duYL8GAUn39xadW4IIJDAQOWmvpHijx-boKIXDNKQRf9hJZPYYjNfTqmqA0srzIvU3RkuMnLYBiJ17mGADPcNA/latest.tar.gz#fe49d28479b46e69cbea31b84acf8edacc32d43d"
